
Microsoft Visual Studio Solution File, Format Version 12.00
# Visual Studio Version 16
VisualStudioVersion = 16.0.31515.178
MinimumVisualStudioVersion = 10.0.40219.1
Project("{FAE04EC0-301F-11D3-BF4B-00C04F79EFBC}") = "TestApiMgmt", "TestApiMgmt.csproj", "{87BB4C78-3BCC-4B18-8305-1E91F9465291}"
EndProject
Global
	GlobalSection(SolutionConfigurationPlatforms) = preSolution
		Debug|Any CPU = Debug|Any CPU
		Release|Any CPU = Release|Any CPU
	EndGlobalSection
	GlobalSection(ProjectConfigurationPlatforms) = postSolution
		{87BB4C78-3BCC-4B18-8305-1E91F9465291}.Debug|Any CPU.ActiveCfg = Debug|Any CPU
		{87BB4C78-3BCC-4B18-8305-1E91F9465291}.Debug|Any CPU.Build.0 = Debug|Any CPU
		{87BB4C78-3BCC-4B18-8305-1E91F9465291}.Release|Any CPU.ActiveCfg = Release|Any CPU
		{87BB4C78-3BCC-4B18-8305-1E91F9465291}.Release|Any CPU.Build.0 = Release|Any CPU
	EndGlobalSection
	GlobalSection(SolutionProperties) = preSolution
		HideSolutionNode = FALSE
	EndGlobalSection
	GlobalSection(ExtensibilityGlobals) = postSolution
		SolutionGuid = {32A3088E-15A9-434B-B574-8F75E0727EBE}
	EndGlobalSection
EndGlobal
